
Microsoft Visual Studio Solution File, Format Version 12.00
# Visual Studio Version 16
VisualStudioVersion = 16.0.30011.22
MinimumVisualStudioVersion = 10.0.40219.1
Project("{FAE04EC0-301F-11D3-BF4B-00C04F79EFBC}") = "FlightControlWeb", "FlightControlWeb\FlightControlWeb.csproj", "{0FAE256D-3535-4CE1-A8C0-91EA43533D8F}"
EndProject
Global
	GlobalSection(SolutionConfigurationPlatforms) = preSolution
		Debug|Any CPU = Debug|Any CPU
		Release|Any CPU = Release|Any CPU
	EndGlobalSection
	GlobalSection(ProjectConfigurationPlatforms) = postSolution
		{0FAE256D-3535-4CE1-A8C0-91EA43533D8F}.Debug|Any CPU.ActiveCfg = Debug|Any CPU
		{0FAE256D-3535-4CE1-A8C0-91EA43533D8F}.Debug|Any CPU.Build.0 = Debug|Any CPU
		{0FAE256D-3535-4CE1-A8C0-91EA43533D8F}.Release|Any CPU.ActiveCfg = Release|Any CPU
		{0FAE256D-3535-4CE1-A8C0-91EA43533D8F}.Release|Any CPU.Build.0 = Release|Any CPU
	EndGlobalSection
	GlobalSection(SolutionProperties) = preSolution
		HideSolutionNode = FALSE
	EndGlobalSection
	GlobalSection(ExtensibilityGlobals) = postSolution
		SolutionGuid = {28E62ABD-0B21-4C97-B2CA-16C8425F79BB}
	EndGlobalSection
EndGlobal
